PODS:
  - Alamofire (3.4.1)
  - ChameleonFramework/Default (2.1.0)
  - ChameleonFramework/Swift (2.1.0):
    - ChameleonFramework/Default
  - CopperKit (3.1.2)
  - EasyTimer (1.0.1)
  - Fabric (1.6.7)
  - GoogleAPIClient/Calendar (1.0.4):
    - GoogleAPIClient/Core
    - GTMSessionFetcher (~> 1.1)
  - GoogleAPIClient/Core (1.0.4):
    - GTMSessionFetcher (~> 1.1)
  - GTMOAuth2 (1.1.1):
    - GTMSessionFetcher (~> 1.1)
  - GTMSessionFetcher (1.1.4):
    - GTMSessionFetcher/Full (= 1.1.4)
  - GTMSessionFetcher/Core (1.1.4)
  - GTMSessionFetcher/Full (1.1.4):
    - GTMSessionFetcher/Core (= 1.1.4)
  - OnboardingKit (0.0.2)
  - Realm (1.0.2):
    - Realm/Headers (= 1.0.2)
  - Realm/Headers (1.0.2)
  - RealmSwift (1.0.2):
    - Realm (= 1.0.2)
  - SwiftyJSON (2.3.2)
  - TTEventKit (0.0.2)
  - TwitterCore (2.3.0):
    - Fabric
  - TwitterKit (2.3.0):
    - TwitterCore (= 2.3.0)

DEPENDENCIES:
  - Alamofire (~> 3.4)
  - ChameleonFramework/Swift
  - CopperKit
  - EasyTimer (~> 1.0)
  - Fabric
  - GoogleAPIClient/Calendar (~> 1.0.2)
  - GTMOAuth2 (~> 1.1.0)
  - OnboardingKit
  - RealmSwift
  - SwiftyJSON
  - TTEventKit (~> 0.0)
  - TwitterCore
  - TwitterKit

SPEC CHECKSUMS:
  Alamofire: 01a82e2f6c0f860ade35534c8dd88be61bdef40c
  ChameleonFramework: d21a3cc247abfe5e37609a283a8238b03575cf64
  CopperKit: 6bfb5ccb8ad7e4df94df11ef38dfee4eae0e9a6d
  EasyTimer: dd50873b5fc37e25eeeddd0bf7052e49138813cb
  Fabric: caf7580c725e64db144f610ac65cd60956911dc7
  GoogleAPIClient: 4dedb6af613eb7d171814c343f8a82ee5411e13b
  GTMOAuth2: bdb12f3e0d2110bfe585f6151230b883beb4d042
  GTMSessionFetcher: 174bc61d5238f81f9ddb807b0b0170420f67de85
  OnboardingKit: 0d872f7c2a032689479178ccb732959bb09f37f4
  Realm: 9d5c46a4d7d27958530a8dfc58f63a99e5c2cba3
  RealmSwift: 82f3ac5e24530143dddfde2033acc0d308f27d96
  SwiftyJSON: 04ccea08915aa0109039157c7974cf0298da292a
  TTEventKit: ca98039027f14f67da33f9d2405c0b9879dcab32
  TwitterCore: 817eae3e291fa4125b47789e26a4f6f024115c1f
  TwitterKit: 8a383da8d9c21b0423716381ea8bbfce20622d91

PODFILE CHECKSUM: 5a2352adcbe19d4bd39b99aedab95f9eb3ac6b48

COCOAPODS: 1.0.1
